// !$*UTF8*$!
{
	archiveVersion = 1;
	classes = {
	};
	objectVersion = 50;
	objects = {

/* Begin PBXBuildFile section */
		6AB45FA327D804B500D5BB78 /* AppDelegate.swift in Sources */ = {isa = PBXBuildFile; fileRef = 6AB45FA227D804B500D5BB78 /* AppDelegate.swift */; };
		6AB45FA527D804B500D5BB78 /* SceneDelegate.swift in Sources */ = {isa = PBXBuildFile; fileRef = 6AB45FA427D804B500D5BB78 /* SceneDelegate.swift */; };
		6AB45FA727D804B500D5BB78 /* ViewController.swift in Sources */ = {isa = PBXBuildFile; fileRef = 6AB45FA627D804B500D5BB78 /* ViewController.swift */; };
		6AB45FAA27D804B500D5BB78 /* Main.storyboard in Resources */ = {isa = PBXBuildFile; fileRef = 6AB45FA827D804B500D5BB78 /* Main.storyboard */; };
		6AB45FAC27D804B700D5BB78 /* Assets.xcassets in Resources */ = {isa = PBXBuildFile; fileRef = 6AB45FAB27D804B700D5BB78 /* Assets.xcassets */; };
		6AB45FAF27D804B800D5BB78 /* LaunchScreen.storyboard in Resources */ = {isa = PBXBuildFile; fileRef = 6AB45FAD27D804B800D5BB78 /* LaunchScreen.storyboard */; };
		6AB45FBA27D804B800D5BB78 /* TwitterAppTests.swift in Sources */ = {isa = PBXBuildFile; fileRef = 6AB45FB927D804B800D5BB78 /* TwitterAppTests.swift */; };
		6AB45FC527D804B800D5BB78 /* TwitterAppUITests.swift in Sources */ = {isa = PBXBuildFile; fileRef = 6AB45FC427D804B800D5BB78 /* TwitterAppUITests.swift */; };
/* End PBXBuildFile section */

/* Begin PBXContainerItemProxy section */
		6AB45FB627D804B800D5BB78 /* PBXContainerItemProxy */ = {
			isa = PBXContainerItemProxy;
			containerPortal = 6AB45F9727D804B500D5BB78 /* Project object */;
			proxyType = 1;
			remoteGlobalIDString = 6AB45F9E27D804B500D5BB78;
			remoteInfo = TwitterApp;
		};
		6AB45FC127D804B800D5BB78 /* PBXContainerItemProxy */ = {
			isa = PBXContainerItemProxy;
			containerPortal = 6AB45F9727D804B500D5BB78 /* Project object */;
			proxyType = 1;
			remoteGlobalIDString = 6AB45F9E27D804B500D5BB78;
			remoteInfo = TwitterApp;
		};
/* End PBXContainerItemProxy section */

/* Begin PBXFileReference section */
		6AB45F9F27D804B500D5BB78 /* TwitterApp.app */ = {isa = PBXFileReference; explicitFileType = wrapper.application; includeInIndex = 0; path = TwitterApp.app; sourceTree = BUILT_PRODUCTS_DIR; };
		6AB45FA227D804B500D5BB78 /* AppDelegate.swift */ = {isa = PBXFileReference; lastKnownFileType = sourcecode.swift; path = AppDelegate.swift; sourceTree = "<group>"; };
		6AB45FA427D804B500D5BB78 /* SceneDelegate.swift */ = {isa = PBXFileReference; lastKnownFileType = sourcecode.swift; path = SceneDelegate.swift; sourceTree = "<group>"; };
		6AB45FA627D804B500D5BB78 /* ViewController.swift */ = {isa = PBXFileReference; lastKnownFileType = sourcecode.swift; path = ViewController.swift; sourceTree = "<group>"; };
		6AB45FA927D804B500D5BB78 /* Base */ = {isa = PBXFileReference; lastKnownFileType = file.storyboard; name = Base; path = Base.lproj/Main.storyboard; sourceTree = "<group>"; };
		6AB45FAB27D804B700D5BB78 /* Assets.xcassets */ = {isa = PBXFileReference; lastKnownFileType = folder.assetcatalog; path = Assets.xcassets; sourceTree = "<group>"; };
		6AB45FAE27D804B800D5BB78 /* Base */ = {isa = PBXFileReference; lastKnownFileType = file.storyboard; name = Base; path = Base.lproj/LaunchScreen.storyboard; sourceTree = "<group>"; };
		6AB45FB027D804B800D5BB78 /* Info.plist */ = {isa = PBXFileReference; lastKnownFileType = text.plist.xml; path = Info.plist; sourceTree = "<group>"; };
		6AB45FB527D804B800D5BB78 /* TwitterAppTests.xctest */ = {isa = PBXFileReference; explicitFileType = wrapper.cfbundle; includeInIndex = 0; path = TwitterAppTests.xctest; sourceTree = BUILT_PRODUCTS_DIR; };
		6AB45FB927D804B800D5BB78 /* TwitterAppTests.swift */ = {isa = PBXFileReference; lastKnownFileType = sourcecode.swift; path = TwitterAppTests.swift; sourceTree = "<group>"; };
		6AB45FBB27D804B800D5BB78 /* Info.plist */ = {isa = PBXFileReference; lastKnownFileType = text.plist.xml; path = Info.plist; sourceTree = "<group>"; };
		6AB45FC027D804B800D5BB78 /* TwitterAppUITests.xctest */ = {isa = PBXFileReference; explicitFileType = wrapper.cfbundle; includeInIndex = 0; path = TwitterAppUITests.xctest; sourceTree = BUILT_PRODUCTS_DIR; };
		6AB45FC427D804B800D5BB78 /* TwitterAppUITests.swift */ = {isa = PBXFileReference; lastKnownFileType = sourcecode.swift; path = TwitterAppUITests.swift; sourceTree = "<group>"; };
		6AB45FC627D804B800D5BB78 /* Info.plist */ = {isa = PBXFileReference; lastKnownFileType = text.plist.xml; path = Info.plist; sourceTree = "<group>"; };
/* End PBXFileReference section */

/* Begin PBXFrameworksBuildPhase section */
		6AB45F9C27D804B500D5BB78 /* Frameworks */ = {
			isa = PBXFrameworksBuildPhase;
			buildActionMask = 2147483647;
			files = (
			);
			runOnlyForDeploymentPostprocessing = 0;
		};
		6AB45FB227D804B800D5BB78 /* Frameworks */ = {
			isa = PBXFrameworksBuildPhase;
			buildActionMask = 2147483647;
			files = (
			);
			runOnlyForDeploymentPostprocessing = 0;
		};
		6AB45FBD27D804B800D5BB78 /* Frameworks */ = {
			isa = PBXFrameworksBuildPhase;
			buildActionMask = 2147483647;
			files = (
			);
			runOnlyForDeploymentPostprocessing = 0;
		};
/* End PBXFrameworksBuildPhase section */

/* Begin PBXGroup section */
		6AB45F9627D804B400D5BB78 = {
			isa = PBXGroup;
			children = (
				6AB45FA127D804B500D5BB78 /* TwitterApp */,
				6AB45FB827D804B800D5BB78 /* TwitterAppTests */,
				6AB45FC327D804B800D5BB78 /* TwitterAppUITests */,
				6AB45FA027D804B500D5BB78 /* Products */,
			);
			sourceTree = "<group>";
		};
		6AB45FA027D804B500D5BB78 /* Products */ = {
			isa = PBXGroup;
			children = (
				6AB45F9F27D804B500D5BB78 /* TwitterApp.app */,
				6AB45FB527D804B800D5BB78 /* TwitterAppTests.xctest */,
				6AB45FC027D804B800D5BB78 /* TwitterAppUITests.xctest */,
			);
			name = Products;
			sourceTree = "<group>";
		};
		6AB45FA127D804B500D5BB78 /* TwitterApp */ = {
			isa = PBXGroup;
			children = (
				6AB45FA227D804B500D5BB78 /* AppDelegate.swift */,
				6AB45FA427D804B500D5BB78 /* SceneDelegate.swift */,
				6AB45FA627D804B500D5BB78 /* ViewController.swift */,
				6AB45FA827D804B500D5BB78 /* Main.storyboard */,
				6AB45FAB27D804B700D5BB78 /* Assets.xcassets */,
				6AB45FAD27D804B800D5BB78 /* LaunchScreen.storyboard */,
				6AB45FB027D804B800D5BB78 /* Info.plist */,
			);
			path = TwitterApp;
			sourceTree = "<group>";
		};
		6AB45FB827D804B800D5BB78 /* TwitterAppTests */ = {
			isa = PBXGroup;
			children = (
				6AB45FB927D804B800D5BB78 /* TwitterAppTests.swift */,
				6AB45FBB27D804B800D5BB78 /* Info.plist */,
			);
			path = TwitterAppTests;
			sourceTree = "<group>";
		};
		6AB45FC327D804B800D5BB78 /* TwitterAppUITests */ = {
			isa = PBXGroup;
			children = (
				6AB45FC427D804B800D5BB78 /* TwitterAppUITests.swift */,
				6AB45FC627D804B800D5BB78 /* Info.plist */,
			);
			path = TwitterAppUITests;
			sourceTree = "<group>";
		};
/* End PBXGroup section */

/* Begin PBXNativeTarget section */
		6AB45F9E27D804B500D5BB78 /* TwitterApp */ = {
			isa = PBXNativeTarget;
			buildConfigurationList = 6AB45FC927D804B800D5BB78 /* Build configuration list for PBXNativeTarget "TwitterApp" */;
			buildPhases = (
				6AB45F9B27D804B500D5BB78 /* Sources */,
				6AB45F9C27D804B500D5BB78 /* Frameworks */,
				6AB45F9D27D804B500D5BB78 /* Resources */,
			);
			buildRules = (
			);
			dependencies = (
			);
			name = TwitterApp;
			productName = TwitterApp;
			productReference = 6AB45F9F27D804B500D5BB78 /* TwitterApp.app */;
			productType = "com.apple.product-type.application";
		};
		6AB45FB427D804B800D5BB78 /* TwitterAppTests */ = {
			isa = PBXNativeTarget;
			buildConfigurationList = 6AB45FCC27D804B800D5BB78 /* Build configuration list for PBXNativeTarget "TwitterAppTests" */;
			buildPhases = (
				6AB45FB127D804B800D5BB78 /* Sources */,
				6AB45FB227D804B800D5BB78 /* Frameworks */,
				6AB45FB327D804B800D5BB78 /* Resources */,
			);
			buildRules = (
			);
			dependencies = (
				6AB45FB727D804B800D5BB78 /* PBXTargetDependency */,
			);
			name = TwitterAppTests;
			productName = TwitterAppTests;
			productReference = 6AB45FB527D804B800D5BB78 /* TwitterAppTests.xctest */;
			productType = "com.apple.product-type.bundle.unit-test";
		};
		6AB45FBF27D804B800D5BB78 /* TwitterAppUITests */ = {
			isa = PBXNativeTarget;
			buildConfigurationList = 6AB45FCF27D804B800D5BB78 /* Build configuration list for PBXNativeTarget "TwitterAppUITests" */;
			buildPhases = (
				6AB45FBC27D804B800D5BB78 /* Sources */,
				6AB45FBD27D804B800D5BB78 /* Frameworks */,
				6AB45FBE27D804B800D5BB78 /* Resources */,
			);
			buildRules = (
			);
			dependencies = (
				6AB45FC227D804B800D5BB78 /* PBXTargetDependency */,
			);
			name = TwitterAppUITests;
			productName = TwitterAppUITests;
			productReference = 6AB45FC027D804B800D5BB78 /* TwitterAppUITests.xctest */;
			productType = "com.apple.product-type.bundle.ui-testing";
		};
/* End PBXNativeTarget section */

/* Begin PBXProject section */
		6AB45F9727D804B500D5BB78 /* Project object */ = {
			isa = PBXProject;
			attributes = {
				LastSwiftUpdateCheck = 1240;
				LastUpgradeCheck = 1240;
				TargetAttributes = {
					6AB45F9E27D804B500D5BB78 = {
						CreatedOnToolsVersion = 12.4;
					};
					6AB45FB427D804B800D5BB78 = {
						CreatedOnToolsVersion = 12.4;
						TestTargetID = 6AB45F9E27D804B500D5BB78;
					};
					6AB45FBF27D804B800D5BB78 = {
						CreatedOnToolsVersion = 12.4;
						TestTargetID = 6AB45F9E27D804B500D5BB78;
					};
				};
			};
			buildConfigurationList = 6AB45F9A27D804B500D5BB78 /* Build configuration list for PBXProject "TwitterApp" */;
			compatibilityVersion = "Xcode 9.3";
			developmentRegion = en;
			hasScannedForEncodings = 0;
			knownRegions = (
				en,
				Base,
			);
			mainGroup = 6AB45F9627D804B400D5BB78;
			productRefGroup = 6AB45FA027D804B500D5BB78 /* Products */;
			projectDirPath = "";
			projectRoot = "";
			targets = (
				6AB45F9E27D804B500D5BB78 /* TwitterApp */,
				6AB45FB427D804B800D5BB78 /* TwitterAppTests */,
				6AB45FBF27D804B800D5BB78 /* TwitterAppUITests */,
			);
		};
/* End PBXProject section */

/* Begin PBXResourcesBuildPhase section */
		6AB45F9D27D804B500D5BB78 /* Resources */ = {
			isa = PBXResourcesBuildPhase;
			buildActionMask = 2147483647;
			files = (
				6AB45FAF27D804B800D5BB78 /* LaunchScreen.storyboard in Resources */,
				6AB45FAC27D804B700D5BB78 /* Assets.xcassets in Resources */,
				6AB45FAA27D804B500D5BB78 /* Main.storyboard in Resources */,
			);
			runOnlyForDeploymentPostprocessing = 0;
		};
		6AB45FB327D804B800D5BB78 /* Resources */ = {
			isa = PBXResourcesBuildPhase;
			buildActionMask = 2147483647;
			files = (
			);
			runOnlyForDeploymentPostprocessing = 0;
		};
		6AB45FBE27D804B800D5BB78 /* Resources */ = {
			isa = PBXResourcesBuildPhase;
			buildActionMask = 2147483647;
			files = (
			);
			runOnlyForDeploymentPostprocessing = 0;
		};
/* End PBXResourcesBuildPhase section */

/* Begin PBXSourcesBuildPhase section */
		6AB45F9B27D804B500D5BB78 /* Sources */ = {
			isa = PBXSourcesBuildPhase;
			buildActionMask = 2147483647;
			files = (
				6AB45FA727D804B500D5BB78 /* ViewController.swift in Sources */,
				6AB45FA327D804B500D5BB78 /* AppDelegate.swift in Sources */,
				6AB45FA527D804B500D5BB78 /* SceneDelegate.swift in Sources */,
			);
			runOnlyForDeploymentPostprocessing = 0;
		};
		6AB45FB127D804B800D5BB78 /* Sources */ = {
			isa = PBXSourcesBuildPhase;
			buildActionMask = 2147483647;
			files = (
				6AB45FBA27D804B800D5BB78 /* TwitterAppTests.swift in Sources */,
			);
			runOnlyForDeploymentPostprocessing = 0;
		};
		6AB45FBC27D804B800D5BB78 /* Sources */ = {
			isa = PBXSourcesBuildPhase;
			buildActionMask = 2147483647;
			files = (
				6AB45FC527D804B800D5BB78 /* TwitterAppUITests.swift in Sources */,
			);
			runOnlyForDeploymentPostprocessing = 0;
		};
/* End PBXSourcesBuildPhase section */

/* Begin PBXTargetDependency section */
		6AB45FB727D804B800D5BB78 /* PBXTargetDependency */ = {
			isa = PBXTargetDependency;
			target = 6AB45F9E27D804B500D5BB78 /* TwitterApp */;
			targetProxy = 6AB45FB627D804B800D5BB78 /* PBXContainerItemProxy */;
		};
		6AB45FC227D804B800D5BB78 /* PBXTargetDependency */ = {
			isa = PBXTargetDependency;
			target = 6AB45F9E27D804B500D5BB78 /* TwitterApp */;
			targetProxy = 6AB45FC127D804B800D5BB78 /* PBXContainerItemProxy */;
		};
/* End PBXTargetDependency section */

/* Begin PBXVariantGroup section */
		6AB45FA827D804B500D5BB78 /* Main.storyboard */ = {
			isa = PBXVariantGroup;
			children = (
				6AB45FA927D804B500D5BB78 /* Base */,
			);
			name = Main.storyboard;
			sourceTree = "<group>";
		};
		6AB45FAD27D804B800D5BB78 /* LaunchScreen.storyboard */ = {
			isa = PBXVariantGroup;
			children = (
				6AB45FAE27D804B800D5BB78 /* Base */,
			);
			name = LaunchScreen.storyboard;
			sourceTree = "<group>";
		};
/* End PBXVariantGroup section */

/* Begin XCBuildConfiguration section */
		6AB45FC727D804B800D5BB78 /* Debug */ = {
			isa = XCBuildConfiguration;
			buildSettings = {
				ALWAYS_SEARCH_USER_PATHS = NO;
				CLANG_ANALYZER_NONNULL = YES;
				CLANG_ANALYZER_NUMBER_OBJECT_CONVERSION = YES_AGGRESSIVE;
				CLANG_CXX_LANGUAGE_STANDARD = "gnu++14";
				CLANG_CXX_LIBRARY = "libc++";
				CLANG_ENABLE_MODULES = YES;
				CLANG_ENABLE_OBJC_ARC = YES;
				CLANG_ENABLE_OBJC_WEAK = YES;
				CLANG_WARN_BLOCK_CAPTURE_AUTORELEASING = YES;
				CLANG_WARN_BOOL_CONVERSION = YES;
				CLANG_WARN_COMMA = YES;
				CLANG_WARN_CONSTANT_CONVERSION = YES;
				CLANG_WARN_DEPRECATED_OBJC_IMPLEMENTATIONS = YES;
				CLANG_WARN_DIRECT_OBJC_ISA_USAGE = YES_ERROR;
				CLANG_WARN_DOCUMENTATION_COMMENTS = YES;
				CLANG_WARN_EMPTY_BODY = YES;
				CLANG_WARN_ENUM_CONVERSION = YES;
				CLANG_WARN_INFINITE_RECURSION = YES;
				CLANG_WARN_INT_CONVERSION = YES;
				CLANG_WARN_NON_LITERAL_NULL_CONVERSION = YES;
				CLANG_WARN_OBJC_IMPLICIT_RETAIN_SELF = YES;
				CLANG_WARN_OBJC_LITERAL_CONVERSION = YES;
				CLANG_WARN_OBJC_ROOT_CLASS = YES_ERROR;
				CLANG_WARN_QUOTED_INCLUDE_IN_FRAMEWORK_HEADER = YES;
				CLANG_WARN_RANGE_LOOP_ANALYSIS = YES;
				CLANG_WARN_STRICT_PROTOTYPES = YES;
				CLANG_WARN_SUSPICIOUS_MOVE = YES;
				CLANG_WARN_UNGUARDED_AVAILABILITY = YES_AGGRESSIVE;
				CLANG_WARN_UNREACHABLE_CODE = YES;
				CLANG_WARN__DUPLICATE_METHOD_MATCH = YES;
				COPY_PHASE_STRIP = NO;
				DEBUG_INFORMATION_FORMAT = dwarf;
				ENABLE_STRICT_OBJC_MSGSEND = YES;
				ENABLE_TESTABILITY = YES;
				GCC_C_LANGUAGE_STANDARD = gnu11;
				GCC_DYNAMIC_NO_PIC = NO;
				GCC_NO_COMMON_BLOCKS = YES;
				GCC_OPTIMIZATION_LEVEL = 0;
				GCC_PREPROCESSOR_DEFINITIONS = (
					"DEBUG=1",
					"$(inherited)",
				);
				GCC_WARN_64_TO_32_BIT_CONVERSION = YES;
				GCC_WARN_ABOUT_RETURN_TYPE = YES_ERROR;
				GCC_WARN_UNDECLARED_SELECTOR = YES;
				GCC_WARN_UNINITIALIZED_AUTOS = YES_AGGRESSIVE;
				GCC_WARN_UNUSED_FUNCTION = YES;
				GCC_WARN_UNUSED_VARIABLE = YES;
				IPHONEOS_DEPLOYMENT_TARGET = 14.4;
				MTL_ENABLE_DEBUG_INFO = INCLUDE_SOURCE;
				MTL_FAST_MATH = YES;
				ONLY_ACTIVE_ARCH = YES;
				SDKROOT = iphoneos;
				SWIFT_ACTIVE_COMPILATION_CONDITIONS = DEBUG;
				SWIFT_OPTIMIZATION_LEVEL = "-Onone";
			};
			name = Debug;
		};
		6AB45FC827D804B800D5BB78 /* Release */ = {
			isa = XCBuildConfiguration;
			buildSettings = {
				ALWAYS_SEARCH_USER_PATHS = NO;
				CLANG_ANALYZER_NONNULL = YES;
				CLANG_ANALYZER_NUMBER_OBJECT_CONVERSION = YES_AGGRESSIVE;
				CLANG_CXX_LANGUAGE_STANDARD = "gnu++14";
				CLANG_CXX_LIBRARY = "libc++";
				CLANG_ENABLE_MODULES = YES;
				CLANG_ENABLE_OBJC_ARC = YES;
				CLANG_ENABLE_OBJC_WEAK = YES;
				CLANG_WARN_BLOCK_CAPTURE_AUTORELEASING = YES;
				CLANG_WARN_BOOL_CONVERSION = YES;
				CLANG_WARN_COMMA = YES;
				CLANG_WARN_CONSTANT_CONVERSION = YES;
				CLANG_WARN_DEPRECATED_OBJC_IMPLEMENTATIONS = YES;
				CLANG_WARN_DIRECT_OBJC_ISA_USAGE = YES_ERROR;
				CLANG_WARN_DOCUMENTATION_COMMENTS = YES;
				CLANG_WARN_EMPTY_BODY = YES;
				CLANG_WARN_ENUM_CONVERSION = YES;
				CLANG_WARN_INFINITE_RECURSION = YES;
				CLANG_WARN_INT_CONVERSION = YES;
				CLANG_WARN_NON_LITERAL_NULL_CONVERSION = YES;
				CLANG_WARN_OBJC_IMPLICIT_RETAIN_SELF = YES;
				CLANG_WARN_OBJC_LITERAL_CONVERSION = YES;
				CLANG_WARN_OBJC_ROOT_CLASS = YES_ERROR;
				CLANG_WARN_QUOTED_INCLUDE_IN_FRAMEWORK_HEADER = YES;
				CLANG_WARN_RANGE_LOOP_ANALYSIS = YES;
				CLANG_WARN_STRICT_PROTOTYPES = YES;
				CLANG_WARN_SUSPICIOUS_MOVE = YES;
				CLANG_WARN_UNGUARDED_AVAILABILITY = YES_AGGRESSIVE;
				CLANG_WARN_UNREACHABLE_CODE = YES;
				CLANG_WARN__DUPLICATE_METHOD_MATCH = YES;
				COPY_PHASE_STRIP = NO;
				DEBUG_INFORMATION_FORMAT = "dwarf-with-dsym";
				ENABLE_NS_ASSERTIONS = NO;
				ENABLE_STRICT_OBJC_MSGSEND = YES;
				GCC_C_LANGUAGE_STANDARD = gnu11;
				GCC_NO_COMMON_BLOCKS = YES;
				GCC_WARN_64_TO_32_BIT_CONVERSION = YES;
				GCC_WARN_ABOUT_RETURN_TYPE = YES_ERROR;
				GCC_WARN_UNDECLARED_SELECTOR = YES;
				GCC_WARN_UNINITIALIZED_AUTOS = YES_AGGRESSIVE;
				GCC_WARN_UNUSED_FUNCTION = YES;
				GCC_WARN_UNUSED_VARIABLE = YES;
				IPHONEOS_DEPLOYMENT_TARGET = 14.4;
				MTL_ENABLE_DEBUG_INFO = NO;
				MTL_FAST_MATH = YES;
				SDKROOT = iphoneos;
				SWIFT_COMPILATION_MODE = wholemodule;
				SWIFT_OPTIMIZATION_LEVEL = "-O";
				VALIDATE_PRODUCT = YES;
			};
			name = Release;
		};
		6AB45FCA27D804B800D5BB78 /* Debug */ = {
			isa = XCBuildConfiguration;
			buildSettings = {
				ASSETCATALOG_COMPILER_APPICON_NAME = AppIcon;
				ASSETCATALOG_COMPILER_GLOBAL_ACCENT_COLOR_NAME = AccentColor;
				CODE_SIGN_STYLE = Automatic;
				DEVELOPMENT_TEAM = UNGZHP2BF3;
				INFOPLIST_FILE = TwitterApp/Info.plist;
				LD_RUNPATH_SEARCH_PATHS = (
					"$(inherited)",
					"@executable_path/Frameworks",
				);
				PRODUCT_BUNDLE_IDENTIFIER = com.isaac.TwitterApp;
				PRODUCT_NAME = "$(TARGET_NAME)";
				SWIFT_VERSION = 5.0;
				TARGETED_DEVICE_FAMILY = "1,2";
			};
			name = Debug;
		};
		6AB45FCB27D804B800D5BB78 /* Release */ = {
			isa = XCBuildConfiguration;
			buildSettings = {
				ASSETCATALOG_COMPILER_APPICON_NAME = AppIcon;
				ASSETCATALOG_COMPILER_GLOBAL_ACCENT_COLOR_NAME = AccentColor;
				CODE_SIGN_STYLE = Automatic;
				DEVELOPMENT_TEAM = UNGZHP2BF3;
				INFOPLIST_FILE = TwitterApp/Info.plist;
				LD_RUNPATH_SEARCH_PATHS = (
					"$(inherited)",
					"@executable_path/Frameworks",
				);
				PRODUCT_BUNDLE_IDENTIFIER = com.isaac.TwitterApp;
				PRODUCT_NAME = "$(TARGET_NAME)";
				SWIFT_VERSION = 5.0;
				TARGETED_DEVICE_FAMILY = "1,2";
			};
			name = Release;
		};
		6AB45FCD27D804B800D5BB78 /* Debug */ = {
			isa = XCBuildConfiguration;
			buildSettings = {
				ALWAYS_EMBED_SWIFT_STANDARD_LIBRARIES = YES;
				BUNDLE_LOADER = "$(TEST_HOST)";
				CODE_SIGN_STYLE = Automatic;
				DEVELOPMENT_TEAM = UNGZHP2BF3;
				INFOPLIST_FILE = TwitterAppTests/Info.plist;
				IPHONEOS_DEPLOYMENT_TARGET = 14.4;
				LD_RUNPATH_SEARCH_PATHS = (
					"$(inherited)",
					"@executable_path/Frameworks",
					"@loader_path/Frameworks",
				);
				PRODUCT_BUNDLE_IDENTIFIER = com.isaac.TwitterAppTests;
				PRODUCT_NAME = "$(TARGET_NAME)";
				SWIFT_VERSION = 5.0;
				TARGETED_DEVICE_FAMILY = "1,2";
				TEST_HOST = "$(BUILT_PRODUCTS_DIR)/TwitterApp.app/TwitterApp";
			};
			name = Debug;
		};
		6AB45FCE27D804B800D5BB78 /* Release */ = {
			isa = XCBuildConfiguration;
			buildSettings = {
				ALWAYS_EMBED_SWIFT_STANDARD_LIBRARIES = YES;
				BUNDLE_LOADER = "$(TEST_HOST)";
				CODE_SIGN_STYLE = Automatic;
				DEVELOPMENT_TEAM = UNGZHP2BF3;
				INFOPLIST_FILE = TwitterAppTests/Info.plist;
				IPHONEOS_DEPLOYMENT_TARGET = 14.4;
				LD_RUNPATH_SEARCH_PATHS = (
					"$(inherited)",
					"@executable_path/Frameworks",
					"@loader_path/Frameworks",
				);
				PRODUCT_BUNDLE_IDENTIFIER = com.isaac.TwitterAppTests;
				PRODUCT_NAME = "$(TARGET_NAME)";
				SWIFT_VERSION = 5.0;
				TARGETED_DEVICE_FAMILY = "1,2";
				TEST_HOST = "$(BUILT_PRODUCTS_DIR)/TwitterApp.app/TwitterApp";
			};
			name = Release;
		};
		6AB45FD027D804B800D5BB78 /* Debug */ = {
			isa = XCBuildConfiguration;
			buildSettings = {
				ALWAYS_EMBED_SWIFT_STANDARD_LIBRARIES = YES;
				CODE_SIGN_STYLE = Automatic;
				DEVELOPMENT_TEAM = UNGZHP2BF3;
				INFOPLIST_FILE = TwitterAppUITests/Info.plist;
				LD_RUNPATH_SEARCH_PATHS = (
					"$(inherited)",
					"@executable_path/Frameworks",
					"@loader_path/Frameworks",
				);
				PRODUCT_BUNDLE_IDENTIFIER = com.isaac.TwitterAppUITests;
				PRODUCT_NAME = "$(TARGET_NAME)";
				SWIFT_VERSION = 5.0;
				TARGETED_DEVICE_FAMILY = "1,2";
				TEST_TARGET_NAME = TwitterApp;
			};
			name = Debug;
		};
		6AB45FD127D804B800D5BB78 /* Release */ = {
			isa = XCBuildConfiguration;
			buildSettings = {
				ALWAYS_EMBED_SWIFT_STANDARD_LIBRARIES = YES;
				CODE_SIGN_STYLE = Automatic;
				DEVELOPMENT_TEAM = UNGZHP2BF3;
				INFOPLIST_FILE = TwitterAppUITests/Info.plist;
				LD_RUNPATH_SEARCH_PATHS = (
					"$(inherited)",
					"@executable_path/Frameworks",
					"@loader_path/Frameworks",
				);
				PRODUCT_BUNDLE_IDENTIFIER = com.isaac.TwitterAppUITests;
				PRODUCT_NAME = "$(TARGET_NAME)";
				SWIFT_VERSION = 5.0;
				TARGETED_DEVICE_FAMILY = "1,2";
				TEST_TARGET_NAME = TwitterApp;
			};
			name = Release;
		};
/* End XCBuildConfiguration section */

/* Begin XCConfigurationList section */
		6AB45F9A27D804B500D5BB78 /* Build configuration list for PBXProject "TwitterApp" */ = {
			isa = XCConfigurationList;
			buildConfigurations = (
				6AB45FC727D804B800D5BB78 /* Debug */,
				6AB45FC827D804B800D5BB78 /* Release */,
			);
			defaultConfigurationIsVisible = 0;
			defaultConfigurationName = Release;
		};
		6AB45FC927D804B800D5BB78 /* Build configuration list for PBXNativeTarget "TwitterApp" */ = {
			isa = XCConfigurationList;
			buildConfigurations = (
				6AB45FCA27D804B800D5BB78 /* Debug */,
				6AB45FCB27D804B800D5BB78 /* Release */,
			);
			defaultConfigurationIsVisible = 0;
			defaultConfigurationName = Release;
		};
		6AB45FCC27D804B800D5BB78 /* Build configuration list for PBXNativeTarget "TwitterAppTests" */ = {
			isa = XCConfigurationList;
			buildConfigurations = (
				6AB45FCD27D804B800D5BB78 /* Debug */,
				6AB45FCE27D804B800D5BB78 /* Release */,
			);
			defaultConfigurationIsVisible = 0;
			defaultConfigurationName = Release;
		};
		6AB45FCF27D804B800D5BB78 /* Build configuration list for PBXNativeTarget "TwitterAppUITests" */ = {
			isa = XCConfigurationList;
			buildConfigurations = (
				6AB45FD027D804B800D5BB78 /* Debug */,
				6AB45FD127D804B800D5BB78 /* Release */,
			);
			defaultConfigurationIsVisible = 0;
			defaultConfigurationName = Release;
		};
/* End XCConfigurationList section */
	};
	rootObject = 6AB45F9727D804B500D5BB78 /* Project object */;
}
